
Microsoft Visual Studio Solution File, Format Version 12.00
# Visual Studio 14
VisualStudioVersion = 14.0.25420.1
MinimumVisualStudioVersion = 10.0.40219.1
Project("{FAE04EC0-301F-11D3-BF4B-00C04F79EFBC}") = "SongsAbout.Desktop", "SongsAbout.Desktop\SongsAbout.Desktop\SongsAbout.Desktop\SongsAbout.Desktop.csproj", "{FF13D718-9F13-42C5-B976-11722836710C}"
	ProjectSection(ProjectDependencies) = postProject
		{D6575C7E-BF1A-4DA8-B17D-9067F5F4E86E} = {D6575C7E-BF1A-4DA8-B17D-9067F5F4E86E}
		{EBBE35E2-7B91-4D7D-B8FC-3A0472F5119D} = {EBBE35E2-7B91-4D7D-B8FC-3A0472F5119D}
	EndProjectSection
EndProject
Project("{FAE04EC0-301F-11D3-BF4B-00C04F79EFBC}") = "SongsAbout", "SongsAbout\SongsAbout\SongsAbout\SongsAbout.csproj", "{D6575C7E-BF1A-4DA8-B17D-9067F5F4E86E}"
	ProjectSection(ProjectDependencies) = postProject
		{EBBE35E2-7B91-4D7D-B8FC-3A0472F5119D} = {EBBE35E2-7B91-4D7D-B8FC-3A0472F5119D}
	EndProjectSection
EndProject
Project("{FAE04EC0-301F-11D3-BF4B-00C04F79EFBC}") = "SpotifyAPI", "SpotifyAPI\SpotifyAPI.csproj", "{EBBE35E2-7B91-4D7D-B8FC-3A0472F5119D}"
EndProject
Project("{FAE04EC0-301F-11D3-BF4B-00C04F79EFBC}") = "SongsAbout.Web", "SongsAbout.Web\SongsAbout.Web.csproj", "{CE199124-07E8-46C4-8EE6-37A27A330EB1}"
	ProjectSection(ProjectDependencies) = postProject
		{D6575C7E-BF1A-4DA8-B17D-9067F5F4E86E} = {D6575C7E-BF1A-4DA8-B17D-9067F5F4E86E}
		{EBBE35E2-7B91-4D7D-B8FC-3A0472F5119D} = {EBBE35E2-7B91-4D7D-B8FC-3A0472F5119D}
	EndProjectSection
EndProject
Project("{FAE04EC0-301F-11D3-BF4B-00C04F79EFBC}") = "SongsAbout.Web.Tests", "SongsAbout.Web.Tests\SongsAbout.Web.Tests.csproj", "{2867C0C0-B2AE-4903-8510-300AC140BAAC}"
EndProject
Global
	GlobalSection(SolutionConfigurationPlatforms) = preSolution
		Debug|Any CPU = Debug|Any CPU
		Debug|x64 = Debug|x64
		Debug|x86 = Debug|x86
		Release|Any CPU = Release|Any CPU
		Release|x64 = Release|x64
		Release|x86 = Release|x86
	EndGlobalSection
	GlobalSection(ProjectConfigurationPlatforms) = postSolution
		{FF13D718-9F13-42C5-B976-11722836710C}.Debug|Any CPU.ActiveCfg = Debug|Any CPU
		{FF13D718-9F13-42C5-B976-11722836710C}.Debug|Any CPU.Build.0 = Debug|Any CPU
		{FF13D718-9F13-42C5-B976-11722836710C}.Debug|x64.ActiveCfg = Debug|x64
		{FF13D718-9F13-42C5-B976-11722836710C}.Debug|x64.Build.0 = Debug|x64
		{FF13D718-9F13-42C5-B976-11722836710C}.Debug|x86.ActiveCfg = Debug|x86
		{FF13D718-9F13-42C5-B976-11722836710C}.Debug|x86.Build.0 = Debug|x86
		{FF13D718-9F13-42C5-B976-11722836710C}.Release|Any CPU.ActiveCfg = Release|Any CPU
		{FF13D718-9F13-42C5-B976-11722836710C}.Release|Any CPU.Build.0 = Release|Any CPU
		{FF13D718-9F13-42C5-B976-11722836710C}.Release|x64.ActiveCfg = Release|x64
		{FF13D718-9F13-42C5-B976-11722836710C}.Release|x64.Build.0 = Release|x64
		{FF13D718-9F13-42C5-B976-11722836710C}.Release|x86.ActiveCfg = Release|x86
		{FF13D718-9F13-42C5-B976-11722836710C}.Release|x86.Build.0 = Release|x86
		{D6575C7E-BF1A-4DA8-B17D-9067F5F4E86E}.Debug|Any CPU.ActiveCfg = Debug|Any CPU
		{D6575C7E-BF1A-4DA8-B17D-9067F5F4E86E}.Debug|Any CPU.Build.0 = Debug|Any CPU
		{D6575C7E-BF1A-4DA8-B17D-9067F5F4E86E}.Debug|Any CPU.Deploy.0 = Debug|Any CPU
		{D6575C7E-BF1A-4DA8-B17D-9067F5F4E86E}.Debug|x64.ActiveCfg = Debug|x64
		{D6575C7E-BF1A-4DA8-B17D-9067F5F4E86E}.Debug|x64.Build.0 = Debug|x64
		{D6575C7E-BF1A-4DA8-B17D-9067F5F4E86E}.Debug|x86.ActiveCfg = Debug|x86
		{D6575C7E-BF1A-4DA8-B17D-9067F5F4E86E}.Debug|x86.Build.0 = Debug|x86
		{D6575C7E-BF1A-4DA8-B17D-9067F5F4E86E}.Release|Any CPU.ActiveCfg = Release|Any CPU
		{D6575C7E-BF1A-4DA8-B17D-9067F5F4E86E}.Release|Any CPU.Build.0 = Release|Any CPU
		{D6575C7E-BF1A-4DA8-B17D-9067F5F4E86E}.Release|x64.ActiveCfg = Release|x64
		{D6575C7E-BF1A-4DA8-B17D-9067F5F4E86E}.Release|x64.Build.0 = Release|x64
		{D6575C7E-BF1A-4DA8-B17D-9067F5F4E86E}.Release|x86.ActiveCfg = Release|x86
		{D6575C7E-BF1A-4DA8-B17D-9067F5F4E86E}.Release|x86.Build.0 = Release|x86
		{EBBE35E2-7B91-4D7D-B8FC-3A0472F5119D}.Debug|Any CPU.ActiveCfg = Release|Any CPU
		{EBBE35E2-7B91-4D7D-B8FC-3A0472F5119D}.Debug|Any CPU.Build.0 = Release|Any CPU
		{EBBE35E2-7B91-4D7D-B8FC-3A0472F5119D}.Debug|x64.ActiveCfg = Debug|Any CPU
		{EBBE35E2-7B91-4D7D-B8FC-3A0472F5119D}.Debug|x64.Build.0 = Debug|Any CPU
		{EBBE35E2-7B91-4D7D-B8FC-3A0472F5119D}.Debug|x86.ActiveCfg = Debug|Any CPU
		{EBBE35E2-7B91-4D7D-B8FC-3A0472F5119D}.Debug|x86.Build.0 = Debug|Any CPU
		{EBBE35E2-7B91-4D7D-B8FC-3A0472F5119D}.Release|Any CPU.ActiveCfg = Release|Any CPU
		{EBBE35E2-7B91-4D7D-B8FC-3A0472F5119D}.Release|Any CPU.Build.0 = Release|Any CPU
		{EBBE35E2-7B91-4D7D-B8FC-3A0472F5119D}.Release|x64.ActiveCfg = Release|Any CPU
		{EBBE35E2-7B91-4D7D-B8FC-3A0472F5119D}.Release|x64.Build.0 = Release|Any CPU
		{EBBE35E2-7B91-4D7D-B8FC-3A0472F5119D}.Release|x86.ActiveCfg = Release|Any CPU
		{EBBE35E2-7B91-4D7D-B8FC-3A0472F5119D}.Release|x86.Build.0 = Release|Any CPU
		{CE199124-07E8-46C4-8EE6-37A27A330EB1}.Debug|Any CPU.ActiveCfg = Debug|Any CPU
		{CE199124-07E8-46C4-8EE6-37A27A330EB1}.Debug|Any CPU.Build.0 = Debug|Any CPU
		{CE199124-07E8-46C4-8EE6-37A27A330EB1}.Debug|x64.ActiveCfg = Debug|Any CPU
		{CE199124-07E8-46C4-8EE6-37A27A330EB1}.Debug|x64.Build.0 = Debug|Any CPU
		{CE199124-07E8-46C4-8EE6-37A27A330EB1}.Debug|x86.ActiveCfg = Debug|Any CPU
		{CE199124-07E8-46C4-8EE6-37A27A330EB1}.Debug|x86.Build.0 = Debug|Any CPU
		{CE199124-07E8-46C4-8EE6-37A27A330EB1}.Release|Any CPU.ActiveCfg = Release|Any CPU
		{CE199124-07E8-46C4-8EE6-37A27A330EB1}.Release|Any CPU.Build.0 = Release|Any CPU
		{CE199124-07E8-46C4-8EE6-37A27A330EB1}.Release|x64.ActiveCfg = Release|Any CPU
		{CE199124-07E8-46C4-8EE6-37A27A330EB1}.Release|x64.Build.0 = Release|Any CPU
		{CE199124-07E8-46C4-8EE6-37A27A330EB1}.Release|x86.ActiveCfg = Release|Any CPU
		{CE199124-07E8-46C4-8EE6-37A27A330EB1}.Release|x86.Build.0 = Release|Any CPU
		{2867C0C0-B2AE-4903-8510-300AC140BAAC}.Debug|Any CPU.ActiveCfg = Debug|Any CPU
		{2867C0C0-B2AE-4903-8510-300AC140BAAC}.Debug|Any CPU.Build.0 = Debug|Any CPU
		{2867C0C0-B2AE-4903-8510-300AC140BAAC}.Debug|x64.ActiveCfg = Debug|Any CPU
		{2867C0C0-B2AE-4903-8510-300AC140BAAC}.Debug|x64.Build.0 = Debug|Any CPU
		{2867C0C0-B2AE-4903-8510-300AC140BAAC}.Debug|x86.ActiveCfg = Debug|Any CPU
		{2867C0C0-B2AE-4903-8510-300AC140BAAC}.Debug|x86.Build.0 = Debug|Any CPU
		{2867C0C0-B2AE-4903-8510-300AC140BAAC}.Release|Any CPU.ActiveCfg = Release|Any CPU
		{2867C0C0-B2AE-4903-8510-300AC140BAAC}.Release|Any CPU.Build.0 = Release|Any CPU
		{2867C0C0-B2AE-4903-8510-300AC140BAAC}.Release|x64.ActiveCfg = Release|Any CPU
		{2867C0C0-B2AE-4903-8510-300AC140BAAC}.Release|x64.Build.0 = Release|Any CPU
		{2867C0C0-B2AE-4903-8510-300AC140BAAC}.Release|x86.ActiveCfg = Release|Any CPU
		{2867C0C0-B2AE-4903-8510-300AC140BAAC}.Release|x86.Build.0 = Release|Any CPU
	EndGlobalSection
	GlobalSection(SolutionProperties) = preSolution
		HideSolutionNode = FALSE
	EndGlobalSection
EndGlobal
